<?xml version="1.0" encoding="utf-8"?>
<Project ToolsVersion="4.0" xmlns="http://schemas.microsoft.com/developer/msbuild/2003">
  <ItemGroup>
    <Filter Include="GameBase">
      <UniqueIdentifier>{23fbf066-5c55-440e-a216-61c5c7cfa816}</UniqueIdentifier>
    </Filter>
    <Filter Include="GameBase\Physics">
      <UniqueIdentifier>{1cd6b287-0c8b-4445-b5a0-4e3068f8b3fe}</UniqueIdentifier>
    </Filter>
    <Filter Include="GameBase\Player">
      <UniqueIdentifier>{27183d79-50c9-4b46-af3e-33c1bff04e6e}</UniqueIdentifier>
    </Filter>
    <Filter Include="GameBase\Script">
      <UniqueIdentifier>{2024018a-67e2-4afd-8499-38ccbe8fc1aa}</UniqueIdentifier>
    </Filter>
    <Filter Include="GameBase\Monsters">
      <UniqueIdentifier>{b374f8bd-d3c0-4dd0-aa7e-1178e20a9c8b}</UniqueIdentifier>
    </Filter>
    <Filter Include="GameBase\GameSys">
      <UniqueIdentifier>{65cd4d56-59f1-4e72-af98-074176b18454}</UniqueIdentifier>
    </Filter>
    <Filter Include="GameBase\Animation">
      <UniqueIdentifier>{f1a55916-cc4e-4c52-8097-90f53ec0e5ef}</UniqueIdentifier>
    </Filter>
    <Filter Include="GameBase\AI">
      <UniqueIdentifier>{cbe3b616-1879-4177-ab0b-ef9dd6e1c344}</UniqueIdentifier>
    </Filter>
    <Filter Include="DukeGame">
      <UniqueIdentifier>{f9236058-e05e-43f3-ad13-bf39ecd6fd1c}</UniqueIdentifier>
    </Filter>
    <Filter Include="DukeGame\Weapons">
      <UniqueIdentifier>{7beb575c-4542-44af-bcac-ed365aee258a}</UniqueIdentifier>
    </Filter>
    <Filter Include="DukeGame\DnAI">
      <UniqueIdentifier>{e3d25711-00ae-4460-8523-c6ee8bcac1a1}</UniqueIdentifier>
    </Filter>
  </ItemGroup>
  <ItemGroup>
    <ClCompile Include="game\anim\Anim.cpp">
      <Filter>GameBase\Animation</Filter>
    </ClCompile>
    <ClCompile Include="game\anim\Anim_Blend.cpp">
      <Filter>GameBase\Animation</Filter>
    </ClCompile>
    <ClCompile Include="game\anim\Anim_Testmodel.cpp">
      <Filter>GameBase\Animation</Filter>
    </ClCompile>
    <ClCompile Include="game\gamesys\Class.cpp">
      <Filter>GameBase\GameSys</Filter>
    </ClCompile>
    <ClCompile Include="game\gamesys\DebugGraph.cpp">
      <Filter>GameBase\GameSys</Filter>
    </ClCompile>
    <ClCompile Include="game\gamesys\Event.cpp">
      <Filter>GameBase\GameSys</Filter>
    </ClCompile>
    <ClCompile Include="game\gamesys\SaveGame.cpp">
      <Filter>GameBase\GameSys</Filter>
    </ClCompile>
    <ClCompile Include="game\gamesys\SysCmds.cpp">
      <Filter>GameBase\GameSys</Filter>
    </ClCompile>
    <ClCompile Include="game\gamesys\SysCvar.cpp">
      <Filter>GameBase\GameSys</Filter>
    </ClCompile>
    <ClCompile Include="game\gamesys\TypeInfo.cpp">
      <Filter>GameBase\GameSys</Filter>
    </ClCompile>
    <ClCompile Include="game\physics\Clip.cpp">
      <Filter>GameBase\Physics</Filter>
    </ClCompile>
    <ClCompile Include="game\physics\Force.cpp">
      <Filter>GameBase\Physics</Filter>
    </ClCompile>
    <ClCompile Include="game\physics\Force_Constant.cpp">
      <Filter>GameBase\Physics</Filter>
    </ClCompile>
    <ClCompile Include="game\physics\Force_Drag.cpp">
      <Filter>GameBase\Physics</Filter>
    </ClCompile>
    <ClCompile Include="game\physics\Force_Field.cpp">
      <Filter>GameBase\Physics</Filter>
    </ClCompile>
    <ClCompile Include="game\physics\Force_Grab.cpp">
      <Filter>GameBase\Physics</Filter>
    </ClCompile>
    <ClCompile Include="game\physics\Force_Spring.cpp">
      <Filter>GameBase\Physics</Filter>
    </ClCompile>
    <ClCompile Include="game\physics\Physics.cpp">
      <Filter>GameBase\Physics</Filter>
    </ClCompile>
    <ClCompile Include="game\physics\Physics_Actor.cpp">
      <Filter>GameBase\Physics</Filter>
    </ClCompile>
    <ClCompile Include="game\physics\Physics_AF.cpp">
      <Filter>GameBase\Physics</Filter>
    </ClCompile>
    <ClCompile Include="game\physics\Physics_Base.cpp">
      <Filter>GameBase\Physics</Filter>
    </ClCompile>
    <ClCompile Include="game\physics\Physics_Monster.cpp">
      <Filter>GameBase\Physics</Filter>
    </ClCompile>
    <ClCompile Include="game\physics\Physics_Parametric.cpp">
      <Filter>GameBase\Physics</Filter>
    </ClCompile>
    <ClCompile Include="game\physics\Physics_Player.cpp">
      <Filter>GameBase\Physics</Filter>
    </ClCompile>
    <ClCompile Include="game\physics\Physics_RigidBody.cpp">
      <Filter>GameBase\Physics</Filter>
    </ClCompile>
    <ClCompile Include="game\physics\Physics_Static.cpp">
      <Filter>GameBase\Physics</Filter>
    </ClCompile>
    <ClCompile Include="game\physics\Physics_StaticMulti.cpp">
      <Filter>GameBase\Physics</Filter>
    </ClCompile>
    <ClCompile Include="game\physics\Push.cpp">
      <Filter>GameBase\Physics</Filter>
    </ClCompile>
    <ClCompile Include="game\script\Script_Compiler.cpp">
      <Filter>GameBase\Script</Filter>
    </ClCompile>
    <ClCompile Include="game\script\Script_Interpreter.cpp">
      <Filter>GameBase\Script</Filter>
    </ClCompile>
    <ClCompile Include="game\script\Script_Program.cpp">
      <Filter>GameBase\Script</Filter>
    </ClCompile>
    <ClCompile Include="game\script\Script_Thread.cpp">
      <Filter>GameBase\Script</Filter>
    </ClCompile>
    <ClCompile Include="game\gamesys\State.cpp">
      <Filter>GameBase\GameSys</Filter>
    </ClCompile>
    <ClCompile Include="game\gamesys\GameTypeInfo.cpp">
      <Filter>GameBase\GameSys</Filter>
    </ClCompile>
    <ClCompile Include="game\ai\AAS.cpp">
      <Filter>GameBase\AI</Filter>
    </ClCompile>
    <ClCompile Include="game\ai\AAS_debug.cpp">
      <Filter>GameBase\AI</Filter>
    </ClCompile>
    <ClCompile Include="game\ai\AAS_pathing.cpp">
      <Filter>GameBase\AI</Filter>
    </ClCompile>
    <ClCompile Include="game\ai\AAS_routing.cpp">
      <Filter>GameBase\AI</Filter>
    </ClCompile>
    <ClCompile Include="game\ai\AASCallback_AvoidLocation.cpp">
      <Filter>GameBase\AI</Filter>
    </ClCompile>
    <ClCompile Include="game\ai\AASCallback_FindAreaOutOfRange.cpp">
      <Filter>GameBase\AI</Filter>
    </ClCompile>
    <ClCompile Include="game\ai\AASCallback_FindCoverArea.cpp">
      <Filter>GameBase\AI</Filter>
    </ClCompile>
    <ClCompile Include="game\ai\AI.cpp">
      <Filter>GameBase\AI</Filter>
    </ClCompile>
    <ClCompile Include="game\ai\AI_events.cpp">
      <Filter>GameBase\AI</Filter>
    </ClCompile>
    <ClCompile Include="game\ai\AI_follower.cpp">
      <Filter>GameBase\AI</Filter>
    </ClCompile>
    <ClCompile Include="game\ai\AI_move.cpp">
      <Filter>GameBase\AI</Filter>
    </ClCompile>
    <ClCompile Include="game\ai\AI_pathing.cpp">
      <Filter>GameBase\AI</Filter>
    </ClCompile>
    <ClCompile Include="game\ai\AI_states.cpp">
      <Filter>GameBase\AI</Filter>
    </ClCompile>
    <ClCompile Include="game\ai\AI_states_combat.cpp">
      <Filter>GameBase\AI</Filter>
    </ClCompile>
    <ClCompile Include="game\ai\AI_states_util.cpp">
      <Filter>GameBase\AI</Filter>
    </ClCompile>
    <ClCompile Include="game\ai\ObstacleAvoidance.cpp">
      <Filter>GameBase\AI</Filter>
    </ClCompile>
    <ClCompile Include="game\monsters\Monster_boss_vagary.cpp">
      <Filter>GameBase\Monsters</Filter>
    </ClCompile>
    <ClCompile Include="game\monsters\Monster_demon_hellknight.cpp">
      <Filter>GameBase\Monsters</Filter>
    </ClCompile>
    <ClCompile Include="game\monsters\Monster_demon_imp.cpp">
      <Filter>GameBase\Monsters</Filter>
    </ClCompile>
    <ClCompile Include="game\monsters\Monster_flying_cacodemon.cpp">
      <Filter>GameBase\Monsters</Filter>
    </ClCompile>
    <ClCompile Include="game\monsters\Monster_flying_lostsoul.cpp">
      <Filter>GameBase\Monsters</Filter>
    </ClCompile>
    <ClCompile Include="game\monsters\Monster_zombie.cpp">
      <Filter>GameBase\Monsters</Filter>
    </ClCompile>
    <ClCompile Include="game\monsters\Monster_zombie_commando_cgun.cpp">
      <Filter>GameBase\Monsters</Filter>
    </ClCompile>
    <ClCompile Include="game\monsters\Monster_zombie_commando_tentacle.cpp">
      <Filter>GameBase\Monsters</Filter>
    </ClCompile>
    <ClCompile Include="game\monsters\Monster_zombie_morgue.cpp">
      <Filter>GameBase\Monsters</Filter>
    </ClCompile>
    <ClCompile Include="game\monsters\Monster_zombie_sawyer.cpp">
      <Filter>GameBase\Monsters</Filter>
    </ClCompile>
    <ClCompile Include="game\monsters\Monster_zombie_security_pistol.cpp">
      <Filter>GameBase\Monsters</Filter>
    </ClCompile>
    <ClCompile Include="game\player\Player.cpp">
      <Filter>GameBase\Player</Filter>
    </ClCompile>
    <ClCompile Include="game\player\PlayerIcon.cpp">
      <Filter>GameBase\Player</Filter>
    </ClCompile>
    <ClCompile Include="game\player\PlayerView.cpp">
      <Filter>GameBase\Player</Filter>
    </ClCompile>
    <ClCompile Include="game\anim\Anim_State.cpp">
      <Filter>GameBase\Animation</Filter>
    </ClCompile>
    <ClCompile Include="game\player\Player_Anim.cpp">
      <Filter>GameBase\Player</Filter>
    </ClCompile>
    <ClCompile Include="game\ai\AI_anim.cpp">
      <Filter>GameBase\AI</Filter>
    </ClCompile>
    <ClCompile Include="game\monsters\Monster_zombie_bernie.cpp">
      <Filter>GameBase\Monsters</Filter>
    </ClCompile>
    <ClCompile Include="game\Actor.cpp">
      <Filter>GameBase</Filter>
    </ClCompile>
    <ClCompile Include="game\AF.cpp">
      <Filter>GameBase</Filter>
    </ClCompile>
    <ClCompile Include="game\AFEntity.cpp">
      <Filter>GameBase</Filter>
    </ClCompile>
    <ClCompile Include="game\BrittleFracture.cpp">
      <Filter>GameBase</Filter>
    </ClCompile>
    <ClCompile Include="game\Camera.cpp">
      <Filter>GameBase</Filter>
    </ClCompile>
    <ClCompile Include="game\Entity.cpp">
      <Filter>GameBase</Filter>
    </ClCompile>
    <ClCompile Include="game\Fx.cpp">
      <Filter>GameBase</Filter>
    </ClCompile>
    <ClCompile Include="game\Game_local.cpp">
      <Filter>GameBase</Filter>
    </ClCompile>
    <ClCompile Include="game\Game_network.cpp">
      <Filter>GameBase</Filter>
    </ClCompile>
    <ClCompile Include="game\GameEdit.cpp">
      <Filter>GameBase</Filter>
    </ClCompile>
    <ClCompile Include="game\Grabber.cpp">
      <Filter>GameBase</Filter>
    </ClCompile>
    <ClCompile Include="game\IK.cpp">
      <Filter>GameBase</Filter>
    </ClCompile>
    <ClCompile Include="game\Item.cpp">
      <Filter>GameBase</Filter>
    </ClCompile>
    <ClCompile Include="game\Light.cpp">
      <Filter>GameBase</Filter>
    </ClCompile>
    <ClCompile Include="game\Misc.cpp">
      <Filter>GameBase</Filter>
    </ClCompile>
    <ClCompile Include="game\Moveable.cpp">
      <Filter>GameBase</Filter>
    </ClCompile>
    <ClCompile Include="game\Mover.cpp">
      <Filter>GameBase</Filter>
    </ClCompile>
    <ClCompile Include="game\MultiplayerGame.cpp">
      <Filter>GameBase</Filter>
    </ClCompile>
    <ClCompile Include="idlib\precompiled.cpp">
      <Filter>GameBase</Filter>
    </ClCompile>
    <ClCompile Include="game\Projectile.cpp">
      <Filter>GameBase</Filter>
    </ClCompile>
    <ClCompile Include="game\Pvs.cpp">
      <Filter>GameBase</Filter>
    </ClCompile>
    <ClCompile Include="game\SecurityCamera.cpp">
      <Filter>GameBase</Filter>
    </ClCompile>
    <ClCompile Include="game\SmokeParticles.cpp">
      <Filter>GameBase</Filter>
    </ClCompile>
    <ClCompile Include="game\Sound.cpp">
      <Filter>GameBase</Filter>
    </ClCompile>
    <ClCompile Include="game\Target.cpp">
      <Filter>GameBase</Filter>
    </ClCompile>
    <ClCompile Include="game\Trigger.cpp">
      <Filter>GameBase</Filter>
    </ClCompile>
    <ClCompile Include="game\Weapon.cpp">
      <Filter>GameBase</Filter>
    </ClCompile>
    <ClCompile Include="game\WorldSpawn.cpp">
      <Filter>GameBase</Filter>
    </ClCompile>
    <ClCompile Include="dukegame\Weapons\Weapon_pistol.cpp">
      <Filter>DukeGame\Weapons</Filter>
    </ClCompile>
    <ClCompile Include="dukegame\DnAI\DnAI.cpp">
      <Filter>DukeGame\DnAI</Filter>
    </ClCompile>
    <ClCompile Include="dukegame\DnAI\Pigcop.cpp">
      <Filter>DukeGame\DnAI</Filter>
    </ClCompile>
  </ItemGroup>
  <ItemGroup>
    <ClInclude Include="game\anim\Anim.h">
      <Filter>GameBase\Animation</Filter>
    </ClInclude>
    <ClInclude Include="game\anim\Anim_Testmodel.h">
      <Filter>GameBase\Animation</Filter>
    </ClInclude>
    <ClInclude Include="game\gamesys\Class.h">
      <Filter>GameBase\GameSys</Filter>
    </ClInclude>
    <ClInclude Include="game\gamesys\DebugGraph.h">
      <Filter>GameBase\GameSys</Filter>
    </ClInclude>
    <ClInclude Include="game\gamesys\Event.h">
      <Filter>GameBase\GameSys</Filter>
    </ClInclude>
    <ClInclude Include="game\gamesys\NoGameTypeInfo.h">
      <Filter>GameBase\GameSys</Filter>
    </ClInclude>
    <ClInclude Include="game\gamesys\SaveGame.h">
      <Filter>GameBase\GameSys</Filter>
    </ClInclude>
    <ClInclude Include="game\gamesys\SysCmds.h">
      <Filter>GameBase\GameSys</Filter>
    </ClInclude>
    <ClInclude Include="game\gamesys\SysCvar.h">
      <Filter>GameBase\GameSys</Filter>
    </ClInclude>
    <ClInclude Include="game\physics\Clip.h">
      <Filter>GameBase\Physics</Filter>
    </ClInclude>
    <ClInclude Include="game\physics\Force.h">
      <Filter>GameBase\Physics</Filter>
    </ClInclude>
    <ClInclude Include="game\physics\Force_Constant.h">
      <Filter>GameBase\Physics</Filter>
    </ClInclude>
    <ClInclude Include="game\physics\Force_Drag.h">
      <Filter>GameBase\Physics</Filter>
    </ClInclude>
    <ClInclude Include="game\physics\Force_Field.h">
      <Filter>GameBase\Physics</Filter>
    </ClInclude>
    <ClInclude Include="game\physics\Force_Grab.h">
      <Filter>GameBase\Physics</Filter>
    </ClInclude>
    <ClInclude Include="game\physics\Force_Spring.h">
      <Filter>GameBase\Physics</Filter>
    </ClInclude>
    <ClInclude Include="game\physics\Physics.h">
      <Filter>GameBase\Physics</Filter>
    </ClInclude>
    <ClInclude Include="game\physics\Physics_Actor.h">
      <Filter>GameBase\Physics</Filter>
    </ClInclude>
    <ClInclude Include="game\physics\Physics_AF.h">
      <Filter>GameBase\Physics</Filter>
    </ClInclude>
    <ClInclude Include="game\physics\Physics_Base.h">
      <Filter>GameBase\Physics</Filter>
    </ClInclude>
    <ClInclude Include="game\physics\Physics_Monster.h">
      <Filter>GameBase\Physics</Filter>
    </ClInclude>
    <ClInclude Include="game\physics\Physics_Parametric.h">
      <Filter>GameBase\Physics</Filter>
    </ClInclude>
    <ClInclude Include="game\physics\Physics_Player.h">
      <Filter>GameBase\Physics</Filter>
    </ClInclude>
    <ClInclude Include="game\physics\Physics_RigidBody.h">
      <Filter>GameBase\Physics</Filter>
    </ClInclude>
    <ClInclude Include="game\physics\Physics_Static.h">
      <Filter>GameBase\Physics</Filter>
    </ClInclude>
    <ClInclude Include="game\physics\Physics_StaticMulti.h">
      <Filter>GameBase\Physics</Filter>
    </ClInclude>
    <ClInclude Include="game\physics\Push.h">
      <Filter>GameBase\Physics</Filter>
    </ClInclude>
    <ClInclude Include="game\script\Script_Compiler.h">
      <Filter>GameBase\Script</Filter>
    </ClInclude>
    <ClInclude Include="game\script\Script_Interpreter.h">
      <Filter>GameBase\Script</Filter>
    </ClInclude>
    <ClInclude Include="game\script\Script_Program.h">
      <Filter>GameBase\Script</Filter>
    </ClInclude>
    <ClInclude Include="game\script\Script_Thread.h">
      <Filter>GameBase\Script</Filter>
    </ClInclude>
    <ClInclude Include="game\gamesys\State.h">
      <Filter>GameBase\GameSys</Filter>
    </ClInclude>
    <ClInclude Include="game\gamesys\TypeInfo.h">
      <Filter>GameBase\GameSys</Filter>
    </ClInclude>
    <ClInclude Include="game\gamesys\GameTypeInfo.h">
      <Filter>GameBase\GameSys</Filter>
    </ClInclude>
    <ClInclude Include="game\ai\AAS.h">
      <Filter>GameBase\AI</Filter>
    </ClInclude>
    <ClInclude Include="game\ai\AAS_local.h">
      <Filter>GameBase\AI</Filter>
    </ClInclude>
    <ClInclude Include="game\ai\AASCallback_AvoidLocation.h">
      <Filter>GameBase\AI</Filter>
    </ClInclude>
    <ClInclude Include="game\ai\AASCallback_FindAreaOutOfRange.h">
      <Filter>GameBase\AI</Filter>
    </ClInclude>
    <ClInclude Include="game\ai\AASCallback_FindCoverArea.h">
      <Filter>GameBase\AI</Filter>
    </ClInclude>
    <ClInclude Include="game\ai\AI.h">
      <Filter>GameBase\AI</Filter>
    </ClInclude>
    <ClInclude Include="game\ai\ObstacleAvoidance.h">
      <Filter>GameBase\AI</Filter>
    </ClInclude>
    <ClInclude Include="game\monsters\Monster_boss_vagary.h">
      <Filter>GameBase\Monsters</Filter>
    </ClInclude>
    <ClInclude Include="game\monsters\Monster_demon_hellknight.h">
      <Filter>GameBase\Monsters</Filter>
    </ClInclude>
    <ClInclude Include="game\monsters\Monster_demon_imp.h">
      <Filter>GameBase\Monsters</Filter>
    </ClInclude>
    <ClInclude Include="game\monsters\Monster_flying_cacodemon.h">
      <Filter>GameBase\Monsters</Filter>
    </ClInclude>
    <ClInclude Include="game\monsters\Monster_flying_lostsoul.h">
      <Filter>GameBase\Monsters</Filter>
    </ClInclude>
    <ClInclude Include="game\monsters\Monster_zombie.h">
      <Filter>GameBase\Monsters</Filter>
    </ClInclude>
    <ClInclude Include="game\monsters\Monster_zombie_bernie.h">
      <Filter>GameBase\Monsters</Filter>
    </ClInclude>
    <ClInclude Include="game\monsters\monster_zombie_commando_cgun.h">
      <Filter>GameBase\Monsters</Filter>
    </ClInclude>
    <ClInclude Include="game\monsters\Monster_zombie_commando_tentacle.h">
      <Filter>GameBase\Monsters</Filter>
    </ClInclude>
    <ClInclude Include="game\monsters\Monster_zombie_morgue.h">
      <Filter>GameBase\Monsters</Filter>
    </ClInclude>
    <ClInclude Include="game\monsters\Monster_zombie_sawyer.h">
      <Filter>GameBase\Monsters</Filter>
    </ClInclude>
    <ClInclude Include="game\monsters\Monster_zombie_security_pistol.h">
      <Filter>GameBase\Monsters</Filter>
    </ClInclude>
    <ClInclude Include="game\player\Player.h">
      <Filter>GameBase\Player</Filter>
    </ClInclude>
    <ClInclude Include="game\player\PlayerIcon.h">
      <Filter>GameBase\Player</Filter>
    </ClInclude>
    <ClInclude Include="game\player\PlayerView.h">
      <Filter>GameBase\Player</Filter>
    </ClInclude>
    <ClInclude Include="game\Actor.h">
      <Filter>GameBase</Filter>
    </ClInclude>
    <ClInclude Include="game\AF.h">
      <Filter>GameBase</Filter>
    </ClInclude>
    <ClInclude Include="game\AFEntity.h">
      <Filter>GameBase</Filter>
    </ClInclude>
    <ClInclude Include="game\BrittleFracture.h">
      <Filter>GameBase</Filter>
    </ClInclude>
    <ClInclude Include="game\Camera.h">
      <Filter>GameBase</Filter>
    </ClInclude>
    <ClInclude Include="game\Entity.h">
      <Filter>GameBase</Filter>
    </ClInclude>
    <ClInclude Include="game\Fx.h">
      <Filter>GameBase</Filter>
    </ClInclude>
    <ClInclude Include="game\Game.h">
      <Filter>GameBase</Filter>
    </ClInclude>
    <ClInclude Include="game\Game_local.h">
      <Filter>GameBase</Filter>
    </ClInclude>
    <ClInclude Include="game\GameEdit.h">
      <Filter>GameBase</Filter>
    </ClInclude>
    <ClInclude Include="game\Grabber.h">
      <Filter>GameBase</Filter>
    </ClInclude>
    <ClInclude Include="game\IK.h">
      <Filter>GameBase</Filter>
    </ClInclude>
    <ClInclude Include="game\Item.h">
      <Filter>GameBase</Filter>
    </ClInclude>
    <ClInclude Include="game\Light.h">
      <Filter>GameBase</Filter>
    </ClInclude>
    <ClInclude Include="game\Misc.h">
      <Filter>GameBase</Filter>
    </ClInclude>
    <ClInclude Include="game\Moveable.h">
      <Filter>GameBase</Filter>
    </ClInclude>
    <ClInclude Include="game\Mover.h">
      <Filter>GameBase</Filter>
    </ClInclude>
    <ClInclude Include="game\MultiplayerGame.h">
      <Filter>GameBase</Filter>
    </ClInclude>
    <ClInclude Include="game\PredictedValue.h">
      <Filter>GameBase</Filter>
    </ClInclude>
    <ClInclude Include="game\PredictedValue_impl.h">
      <Filter>GameBase</Filter>
    </ClInclude>
    <ClInclude Include="game\Projectile.h">
      <Filter>GameBase</Filter>
    </ClInclude>
    <ClInclude Include="game\Pvs.h">
      <Filter>GameBase</Filter>
    </ClInclude>
    <ClInclude Include="game\SecurityCamera.h">
      <Filter>GameBase</Filter>
    </ClInclude>
    <ClInclude Include="game\SmokeParticles.h">
      <Filter>GameBase</Filter>
    </ClInclude>
    <ClInclude Include="game\Sound.h">
      <Filter>GameBase</Filter>
    </ClInclude>
    <ClInclude Include="game\Target.h">
      <Filter>GameBase</Filter>
    </ClInclude>
    <ClInclude Include="game\Trigger.h">
      <Filter>GameBase</Filter>
    </ClInclude>
    <ClInclude Include="game\Weapon.h">
      <Filter>GameBase</Filter>
    </ClInclude>
    <ClInclude Include="game\WorldSpawn.h">
      <Filter>GameBase</Filter>
    </ClInclude>
    <ClInclude Include="dukegame\Weapons\Weapon_pistol.h">
      <Filter>DukeGame\Weapons</Filter>
    </ClInclude>
    <ClInclude Include="dukegame\DnAI\DnAI.h">
      <Filter>DukeGame\DnAI</Filter>
    </ClInclude>
    <ClInclude Include="dukegame\DnAI\Pigcop.h">
      <Filter>DukeGame\DnAI</Filter>
    </ClInclude>
  </ItemGroup>
  <ItemGroup>
    <None Include="game\Game.def">
      <Filter>GameBase</Filter>
    </None>
  </ItemGroup>
</Project>